{
  "version": 4,
  "terraform_version": "1.4.6",
  "serial": 14,
  "lineage": "cfaa77a2-d5e4-ec98-88be-ecf014d6e4bd",
  "outputs": {
    "resource_group_id": {
      "value": "/subscriptions/e0ad33b5-c939-40e0-9af2-1b0def185a71/resourceGroups/ts-rg-dev-netflix-456",
      "type": "string"
    },
    "servicebus_namespace_id": {
      "value": "/subscriptions/e0ad33b5-c939-40e0-9af2-1b0def185a71/resourceGroups/ts-rg-dev-netflix-456/providers/Microsoft.ServiceBus/namespaces/ts-sb-dev-netflix-456",
      "type": "string"
    },
    "storage_account_id": {
      "value": "/subscriptions/e0ad33b5-c939-40e0-9af2-1b0def185a71/resourceGroups/ts-rg-dev-netflix-456/providers/Microsoft.Storage/storageAccounts/tsstdevnetflix456",
      "type": "string"
    }
  },
  "resources": [
    {
      "mode": "managed",
      "type": "azurerm_resource_group",
      "name": "example",
      "provider": "provider[\"registry.terraform.io/hashicorp/azurerm\"]",
      "instances": [
        {
          "schema_version": 0,
          "attributes": {
            "id": "/subscriptions/e0ad33b5-c939-40e0-9af2-1b0def185a71/resourceGroups/ts-rg-dev-netflix-456",
            "location": "eastus",
            "name": "ts-rg-dev-netflix-456",
            "tags": {},
            "timeouts": null
          },
          "sensitive_attributes": [],
          "private": "eyJlMmJmYjczMC1lY2FhLTExZTYtOGY4OC0zNDM2M2JjN2M0YzAiOnsiY3JlYXRlIjo1NDAwMDAwMDAwMDAwLCJkZWxldGUiOjU0MDAwMDAwMDAwMDAsInJlYWQiOjMwMDAwMDAwMDAwMCwidXBkYXRlIjo1NDAwMDAwMDAwMDAwfX0="
        }
      ]
    },
    {
      "mode": "managed",
      "type": "azurerm_servicebus_namespace",
      "name": "example",
      "provider": "provider[\"registry.terraform.io/hashicorp/azurerm\"]",
      "instances": [
        {
          "schema_version": 1,
          "attributes": {
            "capacity": 0,
            "customer_managed_key": [],
            "default_primary_connection_string": "Endpoint=sb://ts-sb-dev-netflix-456.servicebus.windows.net/;SharedAccessKeyName=RootManageSharedAccessKey;SharedAccessKey=InzKHIcqFMDI/D8AuS5reRH4Yz/x2ME5Y+ASbEznU2E=",
            "default_primary_key": "InzKHIcqFMDI/D8AuS5reRH4Yz/x2ME5Y+ASbEznU2E=",
            "default_secondary_connection_string": "Endpoint=sb://ts-sb-dev-netflix-456.servicebus.windows.net/;SharedAccessKeyName=RootManageSharedAccessKey;SharedAccessKey=FtRbZsfUoBHS9QxZ9F2MjdOOQtDtrT/8d+ASbIK7pzw=",
            "default_secondary_key": "FtRbZsfUoBHS9QxZ9F2MjdOOQtDtrT/8d+ASbIK7pzw=",
            "endpoint": "https://ts-sb-dev-netflix-456.servicebus.windows.net:443/",
            "id": "/subscriptions/e0ad33b5-c939-40e0-9af2-1b0def185a71/resourceGroups/ts-rg-dev-netflix-456/providers/Microsoft.ServiceBus/namespaces/ts-sb-dev-netflix-456",
            "identity": [],
            "local_auth_enabled": true,
            "location": "eastus",
            "minimum_tls_version": "1.2",
            "name": "ts-sb-dev-netflix-456",
            "public_network_access_enabled": true,
            "resource_group_name": "ts-rg-dev-netflix-456",
            "sku": "Standard",
            "tags": {},
            "timeouts": null,
            "zone_redundant": false
          },
          "sensitive_attributes": [],
          "private": "eyJlMmJmYjczMC1lY2FhLTExZTYtOGY4OC0zNDM2M2JjN2M0YzAiOnsiY3JlYXRlIjoxODAwMDAwMDAwMDAwLCJkZWxldGUiOjE4MDAwMDAwMDAwMDAsInJlYWQiOjMwMDAwMDAwMDAwMCwidXBkYXRlIjoxODAwMDAwMDAwMDAwfSwic2NoZW1hX3ZlcnNpb24iOiIxIn0=",
          "dependencies": [
            "azurerm_resource_group.example"
          ]
        }
      ]
    },
    {
      "mode": "managed",
      "type": "azurerm_storage_account",
      "name": "example",
      "provider": "provider[\"registry.terraform.io/hashicorp/azurerm\"]",
      "instances": [
        {
          "schema_version": 3,
          "attributes": {
            "access_tier": "Hot",
            "account_kind": "StorageV2",
            "account_replication_type": "GRS",
            "account_tier": "Standard",
            "allow_nested_items_to_be_public": true,
            "allowed_copy_scope": "",
            "azure_files_authentication": [],
            "blob_properties": [
              {
                "change_feed_enabled": false,
                "change_feed_retention_in_days": 0,
                "container_delete_retention_policy": [],
                "cors_rule": [],
                "default_service_version": "",
                "delete_retention_policy": [],
                "last_access_time_enabled": false,
                "restore_policy": [],
                "versioning_enabled": false
              }
            ],
            "cross_tenant_replication_enabled": true,
            "custom_domain": [],
            "customer_managed_key": [],
            "default_to_oauth_authentication": false,
            "edge_zone": "",
            "enable_https_traffic_only": true,
            "id": "/subscriptions/e0ad33b5-c939-40e0-9af2-1b0def185a71/resourceGroups/ts-rg-dev-netflix-456/providers/Microsoft.Storage/storageAccounts/tsstdevnetflix456",
            "identity": [],
            "immutability_policy": [],
            "infrastructure_encryption_enabled": false,
            "is_hns_enabled": false,
            "large_file_share_enabled": null,
            "location": "eastus",
            "min_tls_version": "TLS1_2",
            "name": "tsstdevnetflix456",
            "network_rules": [
              {
                "bypass": [
                  "AzureServices"
                ],
                "default_action": "Allow",
                "ip_rules": [],
                "private_link_access": [],
                "virtual_network_subnet_ids": []
              }
            ],
            "nfsv3_enabled": false,
            "primary_access_key": "SGsBNlISLvUACaaxUNlqNlyWfIjIsC05g8B8mZD3TzifTyBfFZm5R0qRcKvwIStsAWv3a7vEeWu7+AStpsAxkw==",
            "primary_blob_connection_string": "DefaultEndpointsProtocol=https;BlobEndpoint=https://tsstdevnetflix456.blob.core.windows.net/;AccountName=tsstdevnetflix456;AccountKey=SGsBNlISLvUACaaxUNlqNlyWfIjIsC05g8B8mZD3TzifTyBfFZm5R0qRcKvwIStsAWv3a7vEeWu7+AStpsAxkw==",
            "primary_blob_endpoint": "https://tsstdevnetflix456.blob.core.windows.net/",
            "primary_blob_host": "tsstdevnetflix456.blob.core.windows.net",
            "primary_connection_string": "DefaultEndpointsProtocol=https;AccountName=tsstdevnetflix456;AccountKey=SGsBNlISLvUACaaxUNlqNlyWfIjIsC05g8B8mZD3TzifTyBfFZm5R0qRcKvwIStsAWv3a7vEeWu7+AStpsAxkw==;EndpointSuffix=core.windows.net",
            "primary_dfs_endpoint": "https://tsstdevnetflix456.dfs.core.windows.net/",
            "primary_dfs_host": "tsstdevnetflix456.dfs.core.windows.net",
            "primary_file_endpoint": "https://tsstdevnetflix456.file.core.windows.net/",
            "primary_file_host": "tsstdevnetflix456.file.core.windows.net",
            "primary_location": "eastus",
            "primary_queue_endpoint": "https://tsstdevnetflix456.queue.core.windows.net/",
            "primary_queue_host": "tsstdevnetflix456.queue.core.windows.net",
            "primary_table_endpoint": "https://tsstdevnetflix456.table.core.windows.net/",
            "primary_table_host": "tsstdevnetflix456.table.core.windows.net",
            "primary_web_endpoint": "https://tsstdevnetflix456.z13.web.core.windows.net/",
            "primary_web_host": "tsstdevnetflix456.z13.web.core.windows.net",
            "public_network_access_enabled": true,
            "queue_encryption_key_type": "Service",
            "queue_properties": [
              {
                "cors_rule": [],
                "hour_metrics": [
                  {
                    "enabled": true,
                    "include_apis": true,
                    "retention_policy_days": 7,
                    "version": "1.0"
                  }
                ],
                "logging": [
                  {
                    "delete": false,
                    "read": false,
                    "retention_policy_days": 0,
                    "version": "1.0",
                    "write": false
                  }
                ],
                "minute_metrics": [
                  {
                    "enabled": false,
                    "include_apis": false,
                    "retention_policy_days": 0,
                    "version": "1.0"
                  }
                ]
              }
            ],
            "resource_group_name": "ts-rg-dev-netflix-456",
            "routing": [],
            "sas_policy": [],
            "secondary_access_key": "BI+1mYbcZtiw4KRySA/EE2e+FVWbe6OpvpLOVWKHusTo3XdZ123B6qKic0jAujg0yBJOtWnQJlS8+AStD7wFcg==",
            "secondary_blob_connection_string": "",
            "secondary_blob_endpoint": null,
            "secondary_blob_host": null,
            "secondary_connection_string": "DefaultEndpointsProtocol=https;AccountName=tsstdevnetflix456;AccountKey=BI+1mYbcZtiw4KRySA/EE2e+FVWbe6OpvpLOVWKHusTo3XdZ123B6qKic0jAujg0yBJOtWnQJlS8+AStD7wFcg==;EndpointSuffix=core.windows.net",
            "secondary_dfs_endpoint": null,
            "secondary_dfs_host": null,
            "secondary_file_endpoint": null,
            "secondary_file_host": null,
            "secondary_location": "westus",
            "secondary_queue_endpoint": null,
            "secondary_queue_host": null,
            "secondary_table_endpoint": null,
            "secondary_table_host": null,
            "secondary_web_endpoint": null,
            "secondary_web_host": null,
            "sftp_enabled": false,
            "share_properties": [
              {
                "cors_rule": [],
                "retention_policy": [
                  {
                    "days": 7
                  }
                ],
                "smb": []
              }
            ],
            "shared_access_key_enabled": true,
            "static_website": [],
            "table_encryption_key_type": "Service",
            "tags": {},
            "timeouts": null
          },
          "sensitive_attributes": [],
          "private": "eyJlMmJmYjczMC1lY2FhLTExZTYtOGY4OC0zNDM2M2JjN2M0YzAiOnsiY3JlYXRlIjozNjAwMDAwMDAwMDAwLCJkZWxldGUiOjM2MDAwMDAwMDAwMDAsInJlYWQiOjMwMDAwMDAwMDAwMCwidXBkYXRlIjozNjAwMDAwMDAwMDAwfSwic2NoZW1hX3ZlcnNpb24iOiIzIn0=",
          "dependencies": [
            "azurerm_resource_group.example"
          ]
        }
      ]
    }
  ],
  "check_results": null
}
